
Microsoft Visual Studio Solution File, Format Version 12.00
# Visual Studio Version 16
VisualStudioVersion = 16.0.30204.135
MinimumVisualStudioVersion = 10.0.40219.1
Project("{FAE04EC0-301F-11D3-BF4B-00C04F79EFBC}") = "Snake_Game", "Snake_Game\Snake_Game.csproj", "{D1604412-9489-47DB-BCD5-A2E7A21C8C53}"
EndProject
Global
	GlobalSection(SolutionConfigurationPlatforms) = preSolution
		Debug|Any CPU = Debug|Any CPU
		Release|Any CPU = Release|Any CPU
	EndGlobalSection
	GlobalSection(ProjectConfigurationPlatforms) = postSolution
		{D1604412-9489-47DB-BCD5-A2E7A21C8C53}.Debug|Any CPU.ActiveCfg = Debug|Any CPU
		{D1604412-9489-47DB-BCD5-A2E7A21C8C53}.Debug|Any CPU.Build.0 = Debug|Any CPU
		{D1604412-9489-47DB-BCD5-A2E7A21C8C53}.Release|Any CPU.ActiveCfg = Release|Any CPU
		{D1604412-9489-47DB-BCD5-A2E7A21C8C53}.Release|Any CPU.Build.0 = Release|Any CPU
	EndGlobalSection
	GlobalSection(SolutionProperties) = preSolution
		HideSolutionNode = FALSE
	EndGlobalSection
	GlobalSection(ExtensibilityGlobals) = postSolution
		SolutionGuid = {E362960F-5C4E-44D4-B642-B2C0FB26AA59}
	EndGlobalSection
EndGlobal
